// !$*UTF8*$!
{
	archiveVersion = 1;
	classes = {
	};
	objectVersion = 46;
	objects = {
		DB1E9B7D1E73E0DEED843661 = {
			isa = PBXBuildFile;
			fileRef = 223EB45FED6FF8C5623CD017;
		};
		D8E2108C867752922205014C = {
			isa = PBXBuildFile;
			fileRef = 8523DB0F902BA5898FA084D7;
		};
		6D2EE3E4EAD768DE98CF6777 = {
			isa = PBXBuildFile;
			fileRef = 4800BBA6CD9026B1510D0DA7;
		};
		3701BFE68B2BFB9E337B7AB6 = {
			isa = PBXBuildFile;
			fileRef = 95493070F911E146496F9D5C;
		};
		F6F52E935A691FEF320ACA6B = {
			isa = PBXBuildFile;
			fileRef = FC344CE923159B913FF8E363;
		};
		6446363AF42DA6D4EB5EC892 = {
			isa = PBXBuildFile;
			fileRef = 067C9FB35166C06F606039E2;
		};
		CC0142433785A13DA384D781 = {
			isa = PBXBuildFile;
			fileRef = 73C0DFD04548526E7D449DA1;
		};
		6415E39DD436A194FF0087C5 = {
			isa = PBXBuildFile;
			fileRef = 4AC2CC63C2732ED221DA947E;
		};
		C5BD89449146281FBB956DD0 = {
			isa = PBXBuildFile;
			fileRef = 0A0EC5F8CEABC64242E9B495;
		};
		E1DB14F6751087817DE10EBE = {
			isa = PBXBuildFile;
			fileRef = 2A08C08465A48A1311053E1C;
		};
		953818353870E181FC70A52F = {
			isa = PBXBuildFile;
			fileRef = 428A1E0F552E9A0C4CFD3B4C;
		};
		0E5D9EBA6B0B4A52EEDD0731 = {
			isa = PBXBuildFile;
			fileRef = CE3BA885DE86D4724BD2AE54;
		};
		62C552679550FB9ACA2EAE83 = {
			isa = PBXBuildFile;
			fileRef = F769B23652C22A2E2913799D;
		};
		A866074D89980C407202B8E2 = {
			isa = PBXBuildFile;
			fileRef = F0420EB3293E812764DC53FB;
		};
		77243C1C28E1EDDC3C6C84CC = {
			isa = PBXBuildFile;
			fileRef = 83DE5DDEDE182D2B05BE6E22;
		};
		B704275A32FA44C3CBD3B71F = {
			isa = PBXBuildFile;
			fileRef = CDE63D84F62CD1A70022F364;
		};
		2B8A3195669B0409E145C9F4 = {
			isa = PBXBuildFile;
			fileRef = 8CCE73B526A93838B253FFFD;
		};
		DD323E4E731D6C34A956E008 = {
			isa = PBXBuildFile;
			fileRef = BF45089220B276DBF66828C8;
		};
		4E8D9534AECE18313AA52389 = {
			isa = PBXBuildFile;
			fileRef = 96F99C24FABFC258F2FC41B4;
		};
		821AF8043C1F75D69278CB14 = {
			isa = PBXBuildFile;
			fileRef = 5612BEAF53DC43B6A6D410A5;
		};
		F3818E85F2BFA6579011155B = {
			isa = PBXBuildFile;
			fileRef = C7D705FF804E0C902D6D6AAA;
		};
		67E085B7E23D20E8AE34430A = {
			isa = PBXBuildFile;
			fileRef = 4DF621EED3FD2BF6B0B647B0;
		};
		E846D17C4BACDA1D8C2C2EBE = {
			isa = PBXBuildFile;
			fileRef = 09C2444E194FABDF1F702BCD;
		};
		309F4443F107B46FB3AE3FFB = {
			isa = PBXBuildFile;
			fileRef = 4CCC652920E02BBC568CFC8B;
		};
		371BEA4915263C3585BDDC77 = {
			isa = PBXBuildFile;
			fileRef = BC399D8714FDDEE087CD9134;
		};
		1FC9A11DEF9A4C81220CFB29 = {
			isa = PBXBuildFile;
			fileRef = 3E6D35B15CAD8043E7F46489;
		};
		5C1903B7F97D4E26467B341B = {
			isa = PBXBuildFile;
			fileRef = EF63C1A1FF146B44B180990B;
		};
		6DA286C60586B1936F760F10 = {
			isa = PBXBuildFile;
			fileRef = 34979C0B8CE28467DF31F351;
		};
		2420D97C3771149A195693CE = {
			isa = PBXBuildFile;
			fileRef = 7F8A4B63E3936B583E4AF8C7;
		};
		08002DBC4DC88DC3B5637CED = {
			isa = PBXBuildFile;
			fileRef = 5FCDA620B603843CAF79D821;
		};
		12DD9C2382EAF2AC645607E1 = {
			isa = PBXBuildFile;
			fileRef = 78FBAEA3D2A9C35E957797EC;
		};
		3E74078D7A68040897B5C27D = {
			isa = PBXBuildFile;
			fileRef = 50ED102F8C722704066C2EE5;
		};
		2D3C7487DEFB830F351F4716 = {
			isa = PBXBuildFile;
			fileRef = 197FB419F94E6D7E9E1EB1E2;
		};
		E1A4C2218DEC5879303DB3B6 = {
			isa = PBXBuildFile;
			fileRef = 6E977990FB0B72F6C05F4CCE;
		};
		15A537302E98F0F72BD2B395 = {
			isa = PBXBuildFile;
			fileRef = E64944B8B00C422E3E367271;
		};
		4B9250D777E905488B92F5FF = {
			isa = PBXBuildFile;
			fileRef = F7400594714039D4041916D5;
		};
		7FD5F37B0E7A4442F318CCCB = {
			isa = PBXBuildFile;
			fileRef = DBDE01F2AB1D8E24C450B721;
		};
		71E8675B57990E3C52D1B8E7 = {
			isa = PBXBuildFile;
			fileRef = 6AFD8AE3525043A8E7D5F6C4;
		};
		3834F375513132E41228958A = {
			isa = PBXBuildFile;
			fileRef = F669142FE3EB1FFFB22E5DE2;
		};
		9A5D27E4254A13510E7825F0 = {
			isa = PBXBuildFile;
			fileRef = C608459CF158E749DE0FDAE7;
		};
		DA5138D79595F77E41420BB0 = {
			isa = PBXBuildFile;
			fileRef = 612871987151DF71638E5C4B;
		};
		9778379EA3A355D2722BA5E5 = {
			isa = PBXBuildFile;
			fileRef = E9E98F18D7DD6C6DB362FA67;
		};
		03F48460FC7C9450D65FA441 = {
			isa = PBXFileReference;
			lastKnownFileType = text.plist.xml;
			name = "Info-AU.plist";
			path = "Info-AU.plist";
			sourceTree = "SOURCE_ROOT";
		};
		067C9FB35166C06F606039E2 = {
			isa = PBXFileReference;
			lastKnownFileType = wrapper.framework;
			name = Accelerate.framework;
			path = System/Library/Frameworks/Accelerate.framework;
			sourceTree = SDKROOT;
		};
		09138F2F9ED7E22722FD58BA = {
			isa = PBXFileReference;
			lastKnownFileType = file;
			name = "juce_core";
			path = "/Applications/JUCE/modules/juce_core";
			sourceTree = "<absolute>";
		};
		09C2444E194FABDF1F702BCD = {
			isa = PBXFileReference;
			lastKnownFileType = sourcecode.cpp.objcpp;
			name = "include_juce_audio_basics.mm";
			path = "../../JuceLibraryCode/include_juce_audio_basics.mm";
			sourceTree = "SOURCE_ROOT";
		};
		0A0EC5F8CEABC64242E9B495 = {
			isa = PBXFileReference;
			lastKnownFileType = wrapper.framework;
			name = Cocoa.framework;
			path = System/Library/Frameworks/Cocoa.framework;
			sourceTree = SDKROOT;
		};
		0FE5F31E058FAC1CEB108D8C = {
			isa = PBXFileReference;
			lastKnownFileType = sourcecode.c.h;
			name = JuceHeader.h;
			path = ../../JuceLibraryCode/JuceHeader.h;
			sourceTree = "SOURCE_ROOT";
		};
		15AB2AC288B7C98458B5F765 = {
			isa = PBXFileReference;
			lastKnownFileType = file;
			name = "juce_graphics";
			path = "/Applications/JUCE/modules/juce_graphics";
			sourceTree = "<absolute>";
		};
		15AF7D92E3496C14BA8C65CF = {
			isa = PBXFileReference;
			lastKnownFileType = file;
			name = "juce_cryptography";
			path = "/Applications/JUCE/modules/juce_cryptography";
			sourceTree = "<absolute>";
		};
		1918A2C5D77A6B763A1284DC = {
			isa = PBXFileReference;
			lastKnownFileType = file;
			name = "juce_audio_devices";
			path = "/Applications/JUCE/modules/juce_audio_devices";
			sourceTree = "<absolute>";
		};
		197FB419F94E6D7E9E1EB1E2 = {
			isa = PBXFileReference;
			lastKnownFileType = sourcecode.cpp.objcpp;
			name = "include_juce_audio_processors.mm";
			path = "../../JuceLibraryCode/include_juce_audio_processors.mm";
			sourceTree = "SOURCE_ROOT";
		};
		218ADCBAD157C07152597673 = {
			isa = PBXFileReference;
			lastKnownFileType = file;
			name = "juce_audio_utils";
			path = "/Applications/JUCE/modules/juce_audio_utils";
			sourceTree = "<absolute>";
		};
		223EB45FED6FF8C5623CD017 = {
			isa = PBXFileReference;
			explicitFileType = wrapper.cfbundle;
			includeInIndex = 0;
			path = PluginSynthWithFileUpload.vst3;
			sourceTree = "BUILT_PRODUCTS_DIR";
		};
		29C24BDBE712D15D6BDBC772 = {
			isa = PBXFileReference;
			lastKnownFileType = file;
			name = "juce_gui_basics";
			path = "/Applications/JUCE/modules/juce_gui_basics";
			sourceTree = "<absolute>";
		};
		2A08C08465A48A1311053E1C = {
			isa = PBXFileReference;
			lastKnownFileType = wrapper.framework;
			name = CoreAudio.framework;
			path = System/Library/Frameworks/CoreAudio.framework;
			sourceTree = SDKROOT;
		};
		30AC594CC4CD55E915F8C4FF = {
			isa = PBXFileReference;
			lastKnownFileType = file;
			name = "juce_audio_basics";
			path = "/Applications/JUCE/modules/juce_audio_basics";
			sourceTree = "<absolute>";
		};
		34979C0B8CE28467DF31F351 = {
			isa = PBXFileReference;
			lastKnownFileType = sourcecode.cpp.objcpp;
			name = "include_juce_audio_plugin_client_AU_2.mm";
			path = "../../JuceLibraryCode/include_juce_audio_plugin_client_AU_2.mm";
			sourceTree = "SOURCE_ROOT";
		};
		3685B011C21D137AB13C095C = {
			isa = PBXFileReference;
			lastKnownFileType = file;
			name = "juce_data_structures";
			path = "/Applications/JUCE/modules/juce_data_structures";
			sourceTree = "<absolute>";
		};
		3E6D35B15CAD8043E7F46489 = {
			isa = PBXFileReference;
			lastKnownFileType = file.r;
			name = "include_juce_audio_plugin_client_AU.r";
			path = "../../JuceLibraryCode/include_juce_audio_plugin_client_AU.r";
			sourceTree = "SOURCE_ROOT";
		};
		428A1E0F552E9A0C4CFD3B4C = {
			isa = PBXFileReference;
			lastKnownFileType = wrapper.framework;
			name = CoreAudioKit.framework;
			path = System/Library/Frameworks/CoreAudioKit.framework;
			sourceTree = SDKROOT;
		};
		42E7CB3295FE65DA79F54101 = {
			isa = PBXFileReference;
			lastKnownFileType = file;
			name = "juce_audio_formats";
			path = "/Applications/JUCE/modules/juce_audio_formats";
			sourceTree = "<absolute>";
		};
		4DF621EED3FD2BF6B0B647B0 = {
			isa = PBXFileReference;
			lastKnownFileType = sourcecode.cpp.cpp;
			name = PluginEditor.cpp;
			path = ../../Source/PluginEditor.cpp;
			sourceTree = "SOURCE_ROOT";
		};
		8523DB0F902BA5898FA084D7 = {
			isa = PBXFileReference;
			explicitFileType = wrapper.cfbundle;
			includeInIndex = 0;
			path = PluginSynthWithFileUpload.component;
			sourceTree = "BUILT_PRODUCTS_DIR";
		};
		4800BBA6CD9026B1510D0DA7 = {
			isa = PBXFileReference;
			explicitFileType = wrapper.application;
			includeInIndex = 0;
			path = PluginSynthWithFileUpload.app;
			sourceTree = "BUILT_PRODUCTS_DIR";
		};
		4AC2CC63C2732ED221DA947E = {
			isa = PBXFileReference;
			lastKnownFileType = wrapper.framework;
			name = Carbon.framework;
			path = System/Library/Frameworks/Carbon.framework;
			sourceTree = SDKROOT;
		};
		4CCC652920E02BBC568CFC8B = {
			isa = PBXFileReference;
			lastKnownFileType = sourcecode.cpp.objcpp;
			name = "include_juce_audio_devices.mm";
			path = "../../JuceLibraryCode/include_juce_audio_devices.mm";
			sourceTree = "SOURCE_ROOT";
		};
		50ED102F8C722704066C2EE5 = {
			isa = PBXFileReference;
			lastKnownFileType = sourcecode.cpp.cpp;
			name = "include_juce_audio_plugin_client_VST3.cpp";
			path = "../../JuceLibraryCode/include_juce_audio_plugin_client_VST3.cpp";
			sourceTree = "SOURCE_ROOT";
		};
		5612BEAF53DC43B6A6D410A5 = {
			isa = PBXFileReference;
			lastKnownFileType = sourcecode.cpp.cpp;
			name = WavefrontObjFile.cpp;
			path = ../../Source/WavefrontObjFile.cpp;
			sourceTree = "SOURCE_ROOT";
		};
		5FCDA620B603843CAF79D821 = {
			isa = PBXFileReference;
			lastKnownFileType = sourcecode.cpp.cpp;
			name = "include_juce_audio_plugin_client_utils.cpp";
			path = "../../JuceLibraryCode/include_juce_audio_plugin_client_utils.cpp";
			sourceTree = "SOURCE_ROOT";
		};
		612871987151DF71638E5C4B = {
			isa = PBXFileReference;
			lastKnownFileType = sourcecode.cpp.objcpp;
			name = "include_juce_gui_extra.mm";
			path = "../../JuceLibraryCode/include_juce_gui_extra.mm";
			sourceTree = "SOURCE_ROOT";
		};
		6AFD8AE3525043A8E7D5F6C4 = {
			isa = PBXFileReference;
			lastKnownFileType = sourcecode.cpp.objcpp;
			name = "include_juce_events.mm";
			path = "../../JuceLibraryCode/include_juce_events.mm";
			sourceTree = "SOURCE_ROOT";
		};
		6E977990FB0B72F6C05F4CCE = {
			isa = PBXFileReference;
			lastKnownFileType = sourcecode.cpp.objcpp;
			name = "include_juce_audio_utils.mm";
			path = "../../JuceLibraryCode/include_juce_audio_utils.mm";
			sourceTree = "SOURCE_ROOT";
		};
		73C0DFD04548526E7D449DA1 = {
			isa = PBXFileReference;
			lastKnownFileType = wrapper.framework;
			name = AudioToolbox.framework;
			path = System/Library/Frameworks/AudioToolbox.framework;
			sourceTree = SDKROOT;
		};
		78FBAEA3D2A9C35E957797EC = {
			isa = PBXFileReference;
			lastKnownFileType = sourcecode.cpp.objcpp;
			name = "include_juce_audio_plugin_client_VST_utils.mm";
			path = "../../JuceLibraryCode/include_juce_audio_plugin_client_VST_utils.mm";
			sourceTree = "SOURCE_ROOT";
		};
		7A0E1F82414DAE42887789FE = {
			isa = PBXFileReference;
			lastKnownFileType = file;
			name = "juce_gui_extra";
			path = "/Applications/JUCE/modules/juce_gui_extra";
			sourceTree = "<absolute>";
		};
		7F8A4B63E3936B583E4AF8C7 = {
			isa = PBXFileReference;
			lastKnownFileType = sourcecode.cpp.cpp;
			name = "include_juce_audio_plugin_client_Standalone.cpp";
			path = "../../JuceLibraryCode/include_juce_audio_plugin_client_Standalone.cpp";
			sourceTree = "SOURCE_ROOT";
		};
		83DE5DDEDE182D2B05BE6E22 = {
			isa = PBXFileReference;
			lastKnownFileType = wrapper.framework;
			name = OpenGL.framework;
			path = System/Library/Frameworks/OpenGL.framework;
			sourceTree = SDKROOT;
		};
		88996D3D89C6AA1BA764B7A1 = {
			isa = PBXFileReference;
			lastKnownFileType = sourcecode.c.h;
			name = AppConfig.h;
			path = ../../JuceLibraryCode/AppConfig.h;
			sourceTree = "SOURCE_ROOT";
		};
		8CCE73B526A93838B253FFFD = {
			isa = PBXFileReference;
			lastKnownFileType = wrapper.framework;
			name = WebKit.framework;
			path = System/Library/Frameworks/WebKit.framework;
			sourceTree = SDKROOT;
		};
		95493070F911E146496F9D5C = {
			isa = PBXFileReference;
			explicitFileType = archive.ar;
			includeInIndex = 0;
			path = libPluginSynthWithFileUpload.a;
			sourceTree = "BUILT_PRODUCTS_DIR";
		};
		96F99C24FABFC258F2FC41B4 = {
			isa = PBXFileReference;
			lastKnownFileType = sourcecode.cpp.cpp;
			name = PluginProcessor.cpp;
			path = ../../Source/PluginProcessor.cpp;
			sourceTree = "SOURCE_ROOT";
		};
		A0453EB1AC6A08FF4C0C2DB2 = {
			isa = PBXFileReference;
			lastKnownFileType = sourcecode.c.h;
			name = PluginEditor.h;
			path = ../../Source/PluginEditor.h;
			sourceTree = "SOURCE_ROOT";
		};
		A376B2C4E6550A2FF093E2C9 = {
			isa = PBXFileReference;
			lastKnownFileType = text.plist.xml;
			name = "Info-Standalone_Plugin.plist";
			path = "Info-Standalone_Plugin.plist";
			sourceTree = "SOURCE_ROOT";
		};
		AECC0F6851A1431068ACF316 = {
			isa = PBXFileReference;
			lastKnownFileType = sourcecode.c.h;
			name = PluginProcessor.h;
			path = ../../Source/PluginProcessor.h;
			sourceTree = "SOURCE_ROOT";
		};
		B27CB8C5E4A6E547E2999E23 = {
			isa = PBXFileReference;
			lastKnownFileType = text.plist.xml;
			name = "Info-VST3.plist";
			path = "Info-VST3.plist";
			sourceTree = "SOURCE_ROOT";
		};
		B6EB52E64FB5EAC901F1781C = {
			isa = PBXFileReference;
			lastKnownFileType = file;
			name = "juce_opengl";
			path = "/Applications/JUCE/modules/juce_opengl";
			sourceTree = "<absolute>";
		};
		BC399D8714FDDEE087CD9134 = {
			isa = PBXFileReference;
			lastKnownFileType = sourcecode.cpp.objcpp;
			name = "include_juce_audio_formats.mm";
			path = "../../JuceLibraryCode/include_juce_audio_formats.mm";
			sourceTree = "SOURCE_ROOT";
		};
		BF45089220B276DBF66828C8 = {
			isa = PBXFileReference;
			lastKnownFileType = file.nib;
			name = RecentFilesMenuTemplate.nib;
			path = RecentFilesMenuTemplate.nib;
			sourceTree = "SOURCE_ROOT";
		};
		C608459CF158E749DE0FDAE7 = {
			isa = PBXFileReference;
			lastKnownFileType = sourcecode.cpp.objcpp;
			name = "include_juce_gui_basics.mm";
			path = "../../JuceLibraryCode/include_juce_gui_basics.mm";
			sourceTree = "SOURCE_ROOT";
		};
		C7D705FF804E0C902D6D6AAA = {
			isa = PBXFileReference;
			lastKnownFileType = sourcecode.cpp.cpp;
			name = GLComponent.cpp;
			path = ../../Source/GLComponent.cpp;
			sourceTree = "SOURCE_ROOT";
		};
		CD4BC6B431F42F87FB3ECB07 = {
			isa = PBXFileReference;
			lastKnownFileType = file;
			name = "juce_audio_plugin_client";
			path = "/Applications/JUCE/modules/juce_audio_plugin_client";
			sourceTree = "<absolute>";
		};
		CDE63D84F62CD1A70022F364 = {
			isa = PBXFileReference;
			lastKnownFileType = wrapper.framework;
			name = QuartzCore.framework;
			path = System/Library/Frameworks/QuartzCore.framework;
			sourceTree = SDKROOT;
		};
		CE3BA885DE86D4724BD2AE54 = {
			isa = PBXFileReference;
			lastKnownFileType = wrapper.framework;
			name = CoreMIDI.framework;
			path = System/Library/Frameworks/CoreMIDI.framework;
			sourceTree = SDKROOT;
		};
		DBDE01F2AB1D8E24C450B721 = {
			isa = PBXFileReference;
			lastKnownFileType = sourcecode.cpp.objcpp;
			name = "include_juce_data_structures.mm";
			path = "../../JuceLibraryCode/include_juce_data_structures.mm";
			sourceTree = "SOURCE_ROOT";
		};
		E64944B8B00C422E3E367271 = {
			isa = PBXFileReference;
			lastKnownFileType = sourcecode.cpp.objcpp;
			name = "include_juce_core.mm";
			path = "../../JuceLibraryCode/include_juce_core.mm";
			sourceTree = "SOURCE_ROOT";
		};
		E9E98F18D7DD6C6DB362FA67 = {
			isa = PBXFileReference;
			lastKnownFileType = sourcecode.cpp.objcpp;
			name = "include_juce_opengl.mm";
			path = "../../JuceLibraryCode/include_juce_opengl.mm";
			sourceTree = "SOURCE_ROOT";
		};
		E9F031304393B3AE12C6771C = {
			isa = PBXFileReference;
			lastKnownFileType = file;
			name = "juce_audio_processors";
			path = "/Applications/JUCE/modules/juce_audio_processors";
			sourceTree = "<absolute>";
		};
		EF63C1A1FF146B44B180990B = {
			isa = PBXFileReference;
			lastKnownFileType = sourcecode.cpp.objcpp;
			name = "include_juce_audio_plugin_client_AU_1.mm";
			path = "../../JuceLibraryCode/include_juce_audio_plugin_client_AU_1.mm";
			sourceTree = "SOURCE_ROOT";
		};
		F0420EB3293E812764DC53FB = {
			isa = PBXFileReference;
			lastKnownFileType = wrapper.framework;
			name = IOKit.framework;
			path = System/Library/Frameworks/IOKit.framework;
			sourceTree = SDKROOT;
		};
		F516F9D1351971580F6478F8 = {
			isa = PBXFileReference;
			lastKnownFileType = file;
			name = "juce_events";
			path = "/Applications/JUCE/modules/juce_events";
			sourceTree = "<absolute>";
		};
		F669142FE3EB1FFFB22E5DE2 = {
			isa = PBXFileReference;
			lastKnownFileType = sourcecode.cpp.objcpp;
			name = "include_juce_graphics.mm";
			path = "../../JuceLibraryCode/include_juce_graphics.mm";
			sourceTree = "SOURCE_ROOT";
		};
		F7400594714039D4041916D5 = {
			isa = PBXFileReference;
			lastKnownFileType = sourcecode.cpp.objcpp;
			name = "include_juce_cryptography.mm";
			path = "../../JuceLibraryCode/include_juce_cryptography.mm";
			sourceTree = "SOURCE_ROOT";
		};
		F769B23652C22A2E2913799D = {
			isa = PBXFileReference;
			lastKnownFileType = wrapper.framework;
			name = DiscRecording.framework;
			path = System/Library/Frameworks/DiscRecording.framework;
			sourceTree = SDKROOT;
		};
		FC344CE923159B913FF8E363 = {
			isa = PBXFileReference;
			lastKnownFileType = wrapper.framework;
			name = AudioUnit.framework;
			path = System/Library/Frameworks/AudioUnit.framework;
			sourceTree = SDKROOT;
		};
		4FF58E2D24D205C0B4A61D38 = {
			isa = PBXGroup;
			children = (
				96F99C24FABFC258F2FC41B4,
				5612BEAF53DC43B6A6D410A5,
				C7D705FF804E0C902D6D6AAA,
				AECC0F6851A1431068ACF316,
				4DF621EED3FD2BF6B0B647B0,
				A0453EB1AC6A08FF4C0C2DB2,
			);
			name = Source;
			sourceTree = "<group>";
		};
		667F8A856DE1D7D363213609 = {
			isa = PBXGroup;
			children = (
				4FF58E2D24D205C0B4A61D38,
			);
			name = PluginSynthWithFileUpload;
			sourceTree = "<group>";
		};
		F8DA2FD3F74F359DA790DB66 = {
			isa = PBXGroup;
			children = (
				30AC594CC4CD55E915F8C4FF,
				1918A2C5D77A6B763A1284DC,
				42E7CB3295FE65DA79F54101,
				CD4BC6B431F42F87FB3ECB07,
				E9F031304393B3AE12C6771C,
				218ADCBAD157C07152597673,
				09138F2F9ED7E22722FD58BA,
				15AF7D92E3496C14BA8C65CF,
				3685B011C21D137AB13C095C,
				F516F9D1351971580F6478F8,
				15AB2AC288B7C98458B5F765,
				29C24BDBE712D15D6BDBC772,
				7A0E1F82414DAE42887789FE,
				B6EB52E64FB5EAC901F1781C,
			);
			name = "JUCE Modules";
			sourceTree = "<group>";
		};
		9F9530FF84071FC27E3885D9 = {
			isa = PBXGroup;
			children = (
				88996D3D89C6AA1BA764B7A1,
				09C2444E194FABDF1F702BCD,
				4CCC652920E02BBC568CFC8B,
				BC399D8714FDDEE087CD9134,
				3E6D35B15CAD8043E7F46489,
				EF63C1A1FF146B44B180990B,
				34979C0B8CE28467DF31F351,
				7F8A4B63E3936B583E4AF8C7,
				5FCDA620B603843CAF79D821,
				78FBAEA3D2A9C35E957797EC,
				50ED102F8C722704066C2EE5,
				197FB419F94E6D7E9E1EB1E2,
				6E977990FB0B72F6C05F4CCE,
				E64944B8B00C422E3E367271,
				F7400594714039D4041916D5,
				DBDE01F2AB1D8E24C450B721,
				6AFD8AE3525043A8E7D5F6C4,
				F669142FE3EB1FFFB22E5DE2,
				C608459CF158E749DE0FDAE7,
				612871987151DF71638E5C4B,
				E9E98F18D7DD6C6DB362FA67,
				0FE5F31E058FAC1CEB108D8C,
			);
			name = "JUCE Library Code";
			sourceTree = "<group>";
		};
		ACBB44B2E9B81C5BC0E122CA = {
			isa = PBXGroup;
			children = (
				B27CB8C5E4A6E547E2999E23,
				03F48460FC7C9450D65FA441,
				A376B2C4E6550A2FF093E2C9,
				BF45089220B276DBF66828C8,
			);
			name = Resources;
			sourceTree = "<group>";
		};
		6CB11900757A526BA8905D8A = {
			isa = PBXGroup;
			children = (
				FC344CE923159B913FF8E363,
				067C9FB35166C06F606039E2,
				73C0DFD04548526E7D449DA1,
				4AC2CC63C2732ED221DA947E,
				0A0EC5F8CEABC64242E9B495,
				2A08C08465A48A1311053E1C,
				428A1E0F552E9A0C4CFD3B4C,
				CE3BA885DE86D4724BD2AE54,
				F769B23652C22A2E2913799D,
				F0420EB3293E812764DC53FB,
				83DE5DDEDE182D2B05BE6E22,
				CDE63D84F62CD1A70022F364,
				8CCE73B526A93838B253FFFD,
			);
			name = Frameworks;
			sourceTree = "<group>";
		};
		2BC106DD794A05C80E8733EC = {
			isa = PBXGroup;
			children = (
				223EB45FED6FF8C5623CD017,
				8523DB0F902BA5898FA084D7,
				4800BBA6CD9026B1510D0DA7,
				95493070F911E146496F9D5C,
			);
			name = Products;
			sourceTree = "<group>";
		};
		8B09D6D0C7B53544B607CC41 = {
			isa = PBXGroup;
			children = (
				667F8A856DE1D7D363213609,
				F8DA2FD3F74F359DA790DB66,
				9F9530FF84071FC27E3885D9,
				ACBB44B2E9B81C5BC0E122CA,
				6CB11900757A526BA8905D8A,
				2BC106DD794A05C80E8733EC,
			);
			name = Source;
			sourceTree = "<group>";
		};
		E70CE645B92CEA4C07327B30 = {
			isa = XCBuildConfiguration;
			buildSettings = {
				MACOSX_DEPLOYMENT_TARGET = 10.11;
				SDKROOT = macosx;
			};
			name = Debug;
		};
		20A0E6A05AAA2886C4FC2D3F = {
			isa = XCBuildConfiguration;
			buildSettings = {
				MACOSX_DEPLOYMENT_TARGET = 10.11;
				SDKROOT = macosx;
			};
			name = Release;
		};
		B35F12DF925A9EDF5EE0BAEC = {
			isa = XCBuildConfiguration;
			buildSettings = {
				CLANG_CXX_LANGUAGE_STANDARD = "c++14";
				CLANG_CXX_LIBRARY = "libc++";
				CLANG_LINK_OBJC_RUNTIME = NO;
				CODE_SIGN_IDENTITY = "";
				COMBINE_HIDPI_IMAGES = YES;
				CONFIGURATION_BUILD_DIR = "$(PROJECT_DIR)/build/$(CONFIGURATION)";
				COPY_PHASE_STRIP = NO;
				DEPLOYMENT_LOCATION = YES;
				DSTROOT = /;
				GCC_DYNAMIC_NO_PIC = NO;
				GCC_OPTIMIZATION_LEVEL = 0;
				GCC_PREPROCESSOR_DEFINITIONS = (
					"_DEBUG=1",
					"DEBUG=1",
					"JUCER_XCODE_MAC_F6D2F4CF=1",
					"JUCE_APP_VERSION=1.0.0",
					"JUCE_APP_VERSION_HEX=0x10000",
					"JucePlugin_Build_VST=0",
					"JucePlugin_Build_VST3=1",
					"JucePlugin_Build_AU=0",
					"JucePlugin_Build_AUv3=0",
					"JucePlugin_Build_RTAS=0",
					"JucePlugin_Build_AAX=0",
					"JucePlugin_Build_Standalone=0",
					"JucePlugin_Build_Unity=0",
				);
				GCC_VERSION = com.apple.compilers.llvm.clang.1_0;
				GENERATE_PKGINFO_FILE = YES;
				HEADER_SEARCH_PATHS = (
					"/Applications/JUCE/modules/juce_audio_processors/format_types/VST3_SDK",
					"../../JuceLibraryCode",
					"/Applications/JUCE/modules",
					"/Applications/JUCE/modules/juce_audio_plugin_client",
					"$(inherited)",
				);
				INFOPLIST_FILE = Info-VST3.plist;
				INFOPLIST_PREPROCESS = NO;
				INSTALL_PATH = "$(HOME)/Library/Audio/Plug-Ins/VST3/";
				LIBRARY_STYLE = Bundle;
				MACOSX_DEPLOYMENT_TARGET = 10.11;
				OTHER_LDFLAGS = "-bundle -lPluginSynthWithFileUpload";
				PRODUCT_BUNDLE_IDENTIFIER = com.jocako.PluginSynthWithFileUpload;
				PRODUCT_NAME = "PluginSynthWithFileUpload";
				USE_HEADERMAP = NO;
				WRAPPER_EXTENSION = vst3;
			};
			name = Debug;
		};
		84FFCCB1C709BA6BF1F82A30 = {
			isa = XCBuildConfiguration;
			buildSettings = {
				CLANG_CXX_LANGUAGE_STANDARD = "c++14";
				CLANG_CXX_LIBRARY = "libc++";
				CLANG_LINK_OBJC_RUNTIME = NO;
				CODE_SIGN_IDENTITY = "";
				COMBINE_HIDPI_IMAGES = YES;
				CONFIGURATION_BUILD_DIR = "$(PROJECT_DIR)/build/$(CONFIGURATION)";
				DEAD_CODE_STRIPPING = YES;
				DEPLOYMENT_LOCATION = YES;
				DSTROOT = /;
				GCC_GENERATE_DEBUGGING_SYMBOLS = NO;
				GCC_OPTIMIZATION_LEVEL = 3;
				GCC_PREPROCESSOR_DEFINITIONS = (
					"_NDEBUG=1",
					"NDEBUG=1",
					"JUCER_XCODE_MAC_F6D2F4CF=1",
					"JUCE_APP_VERSION=1.0.0",
					"JUCE_APP_VERSION_HEX=0x10000",
					"JucePlugin_Build_VST=0",
					"JucePlugin_Build_VST3=1",
					"JucePlugin_Build_AU=0",
					"JucePlugin_Build_AUv3=0",
					"JucePlugin_Build_RTAS=0",
					"JucePlugin_Build_AAX=0",
					"JucePlugin_Build_Standalone=0",
					"JucePlugin_Build_Unity=0",
				);
				GCC_SYMBOLS_PRIVATE_EXTERN = YES;
				GCC_VERSION = com.apple.compilers.llvm.clang.1_0;
				GENERATE_PKGINFO_FILE = YES;
				HEADER_SEARCH_PATHS = (
					"/Applications/JUCE/modules/juce_audio_processors/format_types/VST3_SDK",
					"../../JuceLibraryCode",
					"/Applications/JUCE/modules",
					"/Applications/JUCE/modules/juce_audio_plugin_client",
					"$(inherited)",
				);
				INFOPLIST_FILE = Info-VST3.plist;
				INFOPLIST_PREPROCESS = NO;
				INSTALL_PATH = "$(HOME)/Library/Audio/Plug-Ins/VST3/";
				LIBRARY_STYLE = Bundle;
				LLVM_LTO = YES;
				MACOSX_DEPLOYMENT_TARGET = 10.11;
				OTHER_LDFLAGS = "-bundle -lPluginSynthWithFileUpload";
				PRODUCT_BUNDLE_IDENTIFIER = com.jocako.PluginSynthWithFileUpload;
				PRODUCT_NAME = "PluginSynthWithFileUpload";
				USE_HEADERMAP = NO;
				WRAPPER_EXTENSION = vst3;
			};
			name = Release;
		};
		5D0CF8846210F31F470B98E1 = {
			isa = XCBuildConfiguration;
			buildSettings = {
				CLANG_CXX_LANGUAGE_STANDARD = "c++14";
				CLANG_CXX_LIBRARY = "libc++";
				CLANG_LINK_OBJC_RUNTIME = NO;
				CODE_SIGN_IDENTITY = "";
				COMBINE_HIDPI_IMAGES = YES;
				CONFIGURATION_BUILD_DIR = "$(PROJECT_DIR)/build/$(CONFIGURATION)";
				COPY_PHASE_STRIP = NO;
				DEPLOYMENT_LOCATION = YES;
				DSTROOT = /;
				GCC_DYNAMIC_NO_PIC = NO;
				GCC_OPTIMIZATION_LEVEL = 0;
				GCC_PREPROCESSOR_DEFINITIONS = (
					"_DEBUG=1",
					"DEBUG=1",
					"JUCER_XCODE_MAC_F6D2F4CF=1",
					"JUCE_APP_VERSION=1.0.0",
					"JUCE_APP_VERSION_HEX=0x10000",
					"JucePlugin_Build_VST=0",
					"JucePlugin_Build_VST3=0",
					"JucePlugin_Build_AU=1",
					"JucePlugin_Build_AUv3=0",
					"JucePlugin_Build_RTAS=0",
					"JucePlugin_Build_AAX=0",
					"JucePlugin_Build_Standalone=0",
					"JucePlugin_Build_Unity=0",
				);
				GCC_VERSION = com.apple.compilers.llvm.clang.1_0;
				GENERATE_PKGINFO_FILE = YES;
				HEADER_SEARCH_PATHS = (
					"/Applications/JUCE/modules/juce_audio_processors/format_types/VST3_SDK",
					"../../JuceLibraryCode",
					"/Applications/JUCE/modules",
					"/Applications/JUCE/modules/juce_audio_plugin_client",
					"$(inherited)",
				);
				INFOPLIST_FILE = Info-AU.plist;
				INFOPLIST_PREPROCESS = NO;
				INSTALL_PATH = "$(HOME)/Library/Audio/Plug-Ins/Components/";
				LIBRARY_STYLE = Bundle;
				MACOSX_DEPLOYMENT_TARGET = 10.11;
				OTHER_LDFLAGS = "-bundle -lPluginSynthWithFileUpload";
				OTHER_REZFLAGS = "-d ppc_$ppc -d i386_$i386 -d ppc64_$ppc64 -d x86_64_$x86_64 -I /System/Library/Frameworks/CoreServices.framework/Frameworks/CarbonCore.framework/Versions/A/Headers -I \"$(DEVELOPER_DIR)/Extras/CoreAudio/AudioUnits/AUPublic/AUBase\" -I \"$(DEVELOPER_DIR)/Platforms/MacOSX.platform/Developer/SDKs/MacOSX.sdk/System/Library/Frameworks/AudioUnit.framework/Headers\"";
				PRODUCT_BUNDLE_IDENTIFIER = com.jocako.PluginSynthWithFileUpload;
				PRODUCT_NAME = "PluginSynthWithFileUpload";
				USE_HEADERMAP = NO;
				WRAPPER_EXTENSION = component;
			};
			name = Debug;
		};
		A110D4C381E6492E2873AC6F = {
			isa = XCBuildConfiguration;
			buildSettings = {
				CLANG_CXX_LANGUAGE_STANDARD = "c++14";
				CLANG_CXX_LIBRARY = "libc++";
				CLANG_LINK_OBJC_RUNTIME = NO;
				CODE_SIGN_IDENTITY = "";
				COMBINE_HIDPI_IMAGES = YES;
				CONFIGURATION_BUILD_DIR = "$(PROJECT_DIR)/build/$(CONFIGURATION)";
				DEAD_CODE_STRIPPING = YES;
				DEPLOYMENT_LOCATION = YES;
				DSTROOT = /;
				GCC_GENERATE_DEBUGGING_SYMBOLS = NO;
				GCC_OPTIMIZATION_LEVEL = 3;
				GCC_PREPROCESSOR_DEFINITIONS = (
					"_NDEBUG=1",
					"NDEBUG=1",
					"JUCER_XCODE_MAC_F6D2F4CF=1",
					"JUCE_APP_VERSION=1.0.0",
					"JUCE_APP_VERSION_HEX=0x10000",
					"JucePlugin_Build_VST=0",
					"JucePlugin_Build_VST3=0",
					"JucePlugin_Build_AU=1",
					"JucePlugin_Build_AUv3=0",
					"JucePlugin_Build_RTAS=0",
					"JucePlugin_Build_AAX=0",
					"JucePlugin_Build_Standalone=0",
					"JucePlugin_Build_Unity=0",
				);
				GCC_SYMBOLS_PRIVATE_EXTERN = YES;
				GCC_VERSION = com.apple.compilers.llvm.clang.1_0;
				GENERATE_PKGINFO_FILE = YES;
				HEADER_SEARCH_PATHS = (
					"/Applications/JUCE/modules/juce_audio_processors/format_types/VST3_SDK",
					"../../JuceLibraryCode",
					"/Applications/JUCE/modules",
					"/Applications/JUCE/modules/juce_audio_plugin_client",
					"$(inherited)",
				);
				INFOPLIST_FILE = Info-AU.plist;
				INFOPLIST_PREPROCESS = NO;
				INSTALL_PATH = "$(HOME)/Library/Audio/Plug-Ins/Components/";
				LIBRARY_STYLE = Bundle;
				LLVM_LTO = YES;
				MACOSX_DEPLOYMENT_TARGET = 10.11;
				OTHER_LDFLAGS = "-bundle -lPluginSynthWithFileUpload";
				OTHER_REZFLAGS = "-d ppc_$ppc -d i386_$i386 -d ppc64_$ppc64 -d x86_64_$x86_64 -I /System/Library/Frameworks/CoreServices.framework/Frameworks/CarbonCore.framework/Versions/A/Headers -I \"$(DEVELOPER_DIR)/Extras/CoreAudio/AudioUnits/AUPublic/AUBase\" -I \"$(DEVELOPER_DIR)/Platforms/MacOSX.platform/Developer/SDKs/MacOSX.sdk/System/Library/Frameworks/AudioUnit.framework/Headers\"";
				PRODUCT_BUNDLE_IDENTIFIER = com.jocako.PluginSynthWithFileUpload;
				PRODUCT_NAME = "PluginSynthWithFileUpload";
				USE_HEADERMAP = NO;
				WRAPPER_EXTENSION = component;
			};
			name = Release;
		};
		D63B5A09207330C579340F47 = {
			isa = XCBuildConfiguration;
			buildSettings = {
				CLANG_CXX_LANGUAGE_STANDARD = "c++14";
				CLANG_CXX_LIBRARY = "libc++";
				CLANG_LINK_OBJC_RUNTIME = NO;
				CODE_SIGN_IDENTITY = "";
				COMBINE_HIDPI_IMAGES = YES;
				CONFIGURATION_BUILD_DIR = "$(PROJECT_DIR)/build/$(CONFIGURATION)";
				COPY_PHASE_STRIP = NO;
				GCC_DYNAMIC_NO_PIC = NO;
				GCC_OPTIMIZATION_LEVEL = 0;
				GCC_PREPROCESSOR_DEFINITIONS = (
					"_DEBUG=1",
					"DEBUG=1",
					"JUCER_XCODE_MAC_F6D2F4CF=1",
					"JUCE_APP_VERSION=1.0.0",
					"JUCE_APP_VERSION_HEX=0x10000",
					"JucePlugin_Build_VST=0",
					"JucePlugin_Build_VST3=0",
					"JucePlugin_Build_AU=0",
					"JucePlugin_Build_AUv3=0",
					"JucePlugin_Build_RTAS=0",
					"JucePlugin_Build_AAX=0",
					"JucePlugin_Build_Standalone=1",
					"JucePlugin_Build_Unity=0",
				);
				GCC_VERSION = com.apple.compilers.llvm.clang.1_0;
				HEADER_SEARCH_PATHS = (
					"/Applications/JUCE/modules/juce_audio_processors/format_types/VST3_SDK",
					"../../JuceLibraryCode",
					"/Applications/JUCE/modules",
					"/Applications/JUCE/modules/juce_audio_plugin_client",
					"$(inherited)",
				);
				INFOPLIST_FILE = Info-Standalone_Plugin.plist;
				INFOPLIST_PREPROCESS = NO;
				MACOSX_DEPLOYMENT_TARGET = 10.11;
				OTHER_LDFLAGS = "-lPluginSynthWithFileUpload";
				PRODUCT_BUNDLE_IDENTIFIER = com.jocako.PluginSynthWithFileUpload;
				PRODUCT_NAME = "PluginSynthWithFileUpload";
				USE_HEADERMAP = NO;
			};
			name = Debug;
		};
		EA4F17ED8C29AE83E3DFF81E = {
			isa = XCBuildConfiguration;
			buildSettings = {
				CLANG_CXX_LANGUAGE_STANDARD = "c++14";
				CLANG_CXX_LIBRARY = "libc++";
				CLANG_LINK_OBJC_RUNTIME = NO;
				CODE_SIGN_IDENTITY = "";
				COMBINE_HIDPI_IMAGES = YES;
				CONFIGURATION_BUILD_DIR = "$(PROJECT_DIR)/build/$(CONFIGURATION)";
				DEAD_CODE_STRIPPING = YES;
				GCC_GENERATE_DEBUGGING_SYMBOLS = NO;
				GCC_OPTIMIZATION_LEVEL = 3;
				GCC_PREPROCESSOR_DEFINITIONS = (
					"_NDEBUG=1",
					"NDEBUG=1",
					"JUCER_XCODE_MAC_F6D2F4CF=1",
					"JUCE_APP_VERSION=1.0.0",
					"JUCE_APP_VERSION_HEX=0x10000",
					"JucePlugin_Build_VST=0",
					"JucePlugin_Build_VST3=0",
					"JucePlugin_Build_AU=0",
					"JucePlugin_Build_AUv3=0",
					"JucePlugin_Build_RTAS=0",
					"JucePlugin_Build_AAX=0",
					"JucePlugin_Build_Standalone=1",
					"JucePlugin_Build_Unity=0",
				);
				GCC_SYMBOLS_PRIVATE_EXTERN = YES;
				GCC_VERSION = com.apple.compilers.llvm.clang.1_0;
				HEADER_SEARCH_PATHS = (
					"/Applications/JUCE/modules/juce_audio_processors/format_types/VST3_SDK",
					"../../JuceLibraryCode",
					"/Applications/JUCE/modules",
					"/Applications/JUCE/modules/juce_audio_plugin_client",
					"$(inherited)",
				);
				INFOPLIST_FILE = Info-Standalone_Plugin.plist;
				INFOPLIST_PREPROCESS = NO;
				LLVM_LTO = YES;
				MACOSX_DEPLOYMENT_TARGET = 10.11;
				OTHER_LDFLAGS = "-lPluginSynthWithFileUpload";
				PRODUCT_BUNDLE_IDENTIFIER = com.jocako.PluginSynthWithFileUpload;
				PRODUCT_NAME = "PluginSynthWithFileUpload";
				USE_HEADERMAP = NO;
			};
			name = Release;
		};
		DAF420EF2660A07CC53A51B2 = {
			isa = XCBuildConfiguration;
			buildSettings = {
				CLANG_CXX_LANGUAGE_STANDARD = "c++14";
				CLANG_CXX_LIBRARY = "libc++";
				CLANG_LINK_OBJC_RUNTIME = NO;
				CODE_SIGN_IDENTITY = "";
				COMBINE_HIDPI_IMAGES = YES;
				CONFIGURATION_BUILD_DIR = "$(PROJECT_DIR)/build/$(CONFIGURATION)";
				COPY_PHASE_STRIP = NO;
				GCC_DYNAMIC_NO_PIC = NO;
				GCC_OPTIMIZATION_LEVEL = 0;
				GCC_PREPROCESSOR_DEFINITIONS = (
					"_DEBUG=1",
					"DEBUG=1",
					"JUCER_XCODE_MAC_F6D2F4CF=1",
					"JUCE_APP_VERSION=1.0.0",
					"JUCE_APP_VERSION_HEX=0x10000",
					"JucePlugin_Build_VST=0",
					"JucePlugin_Build_VST3=1",
					"JucePlugin_Build_AU=1",
					"JucePlugin_Build_AUv3=0",
					"JucePlugin_Build_RTAS=0",
					"JucePlugin_Build_AAX=0",
					"JucePlugin_Build_Standalone=1",
					"JucePlugin_Build_Unity=0",
					"JUCE_SHARED_CODE=1",
				);
				GCC_VERSION = com.apple.compilers.llvm.clang.1_0;
				HEADER_SEARCH_PATHS = (
					"/Applications/JUCE/modules/juce_audio_processors/format_types/VST3_SDK",
					"../../JuceLibraryCode",
					"/Applications/JUCE/modules",
					"/Applications/JUCE/modules/juce_audio_plugin_client",
					"$(inherited)",
				);
				INSTALL_PATH = "@executable_path/../Frameworks";
				MACOSX_DEPLOYMENT_TARGET = 10.11;
				PRODUCT_BUNDLE_IDENTIFIER = com.jocako.PluginSynthWithFileUpload;
				PRODUCT_NAME = "PluginSynthWithFileUpload";
				SKIP_INSTALL = YES;
				USE_HEADERMAP = NO;
			};
			name = Debug;
		};
		FD853B19D7F4ACB25197C11A = {
			isa = XCBuildConfiguration;
			buildSettings = {
				CLANG_CXX_LANGUAGE_STANDARD = "c++14";
				CLANG_CXX_LIBRARY = "libc++";
				CLANG_LINK_OBJC_RUNTIME = NO;
				CODE_SIGN_IDENTITY = "";
				COMBINE_HIDPI_IMAGES = YES;
				CONFIGURATION_BUILD_DIR = "$(PROJECT_DIR)/build/$(CONFIGURATION)";
				DEAD_CODE_STRIPPING = YES;
				GCC_GENERATE_DEBUGGING_SYMBOLS = NO;
				GCC_OPTIMIZATION_LEVEL = 3;
				GCC_PREPROCESSOR_DEFINITIONS = (
					"_NDEBUG=1",
					"NDEBUG=1",
					"JUCER_XCODE_MAC_F6D2F4CF=1",
					"JUCE_APP_VERSION=1.0.0",
					"JUCE_APP_VERSION_HEX=0x10000",
					"JucePlugin_Build_VST=0",
					"JucePlugin_Build_VST3=1",
					"JucePlugin_Build_AU=1",
					"JucePlugin_Build_AUv3=0",
					"JucePlugin_Build_RTAS=0",
					"JucePlugin_Build_AAX=0",
					"JucePlugin_Build_Standalone=1",
					"JucePlugin_Build_Unity=0",
					"JUCE_SHARED_CODE=1",
				);
				GCC_SYMBOLS_PRIVATE_EXTERN = YES;
				GCC_VERSION = com.apple.compilers.llvm.clang.1_0;
				HEADER_SEARCH_PATHS = (
					"/Applications/JUCE/modules/juce_audio_processors/format_types/VST3_SDK",
					"../../JuceLibraryCode",
					"/Applications/JUCE/modules",
					"/Applications/JUCE/modules/juce_audio_plugin_client",
					"$(inherited)",
				);
				INSTALL_PATH = "@executable_path/../Frameworks";
				LLVM_LTO = YES;
				MACOSX_DEPLOYMENT_TARGET = 10.11;
				PRODUCT_BUNDLE_IDENTIFIER = com.jocako.PluginSynthWithFileUpload;
				PRODUCT_NAME = "PluginSynthWithFileUpload";
				SKIP_INSTALL = YES;
				USE_HEADERMAP = NO;
			};
			name = Release;
		};
		BC46BD087905A8354884156D = {
			isa = XCBuildConfiguration;
			buildSettings = {
				ALWAYS_SEARCH_USER_PATHS = NO;
				CLANG_ENABLE_OBJC_WEAK = YES;
				CLANG_WARN_BLOCK_CAPTURE_AUTORELEASING = YES;
				CLANG_WARN_BOOL_CONVERSION = YES;
				CLANG_WARN_COMMA = YES;
				CLANG_WARN_CONSTANT_CONVERSION = YES;
				CLANG_WARN_DEPRECATED_OBJC_IMPLEMENTATIONS = YES;
				CLANG_WARN_EMPTY_BODY = YES;
				CLANG_WARN_ENUM_CONVERSION = YES;
				CLANG_WARN_INFINITE_RECURSION = YES;
				CLANG_WARN_INT_CONVERSION = YES;
				CLANG_WARN_NON_LITERAL_NULL_CONVERSION = YES;
				CLANG_WARN_OBJC_IMPLICIT_RETAIN_SELF = YES;
				CLANG_WARN_OBJC_LITERAL_CONVERSION = YES;
				CLANG_WARN_RANGE_LOOP_ANALYSIS = YES;
				CLANG_WARN_STRICT_PROTOTYPES = YES;
				CLANG_WARN_SUSPICIOUS_MOVE = YES;
				CLANG_WARN_UNREACHABLE_CODE = YES;
				CLANG_WARN__DUPLICATE_METHOD_MATCH = YES;
				CODE_SIGN_IDENTITY = "";
				DEBUG_INFORMATION_FORMAT = dwarf;
				ENABLE_STRICT_OBJC_MSGSEND = YES;
				ENABLE_TESTABILITY = YES;
				GCC_C_LANGUAGE_STANDARD = c11;
				GCC_INLINES_ARE_PRIVATE_EXTERN = YES;
				GCC_MODEL_TUNING = G5;
				GCC_NO_COMMON_BLOCKS = YES;
				GCC_WARN_64_TO_32_BIT_CONVERSION = YES;
				GCC_WARN_ABOUT_RETURN_TYPE = YES;
				GCC_WARN_CHECK_SWITCH_STATEMENTS = YES;
				GCC_WARN_MISSING_PARENTHESES = YES;
				GCC_WARN_NON_VIRTUAL_DESTRUCTOR = YES;
				GCC_WARN_TYPECHECK_CALLS_TO_PRINTF = YES;
				GCC_WARN_UNDECLARED_SELECTOR = YES;
				GCC_WARN_UNINITIALIZED_AUTOS = YES;
				GCC_WARN_UNUSED_FUNCTION = YES;
				GCC_WARN_UNUSED_VARIABLE = YES;
				ONLY_ACTIVE_ARCH = YES;
				PRODUCT_NAME = "PluginSynthWithFileUpload";
				SDKROOT = macosx;
				WARNING_CFLAGS = "-Wreorder";
				ZERO_LINK = NO;
			};
			name = Debug;
		};
		836E4424284F8712EEC24B70 = {
			isa = XCBuildConfiguration;
			buildSettings = {
				ALWAYS_SEARCH_USER_PATHS = NO;
				CLANG_ENABLE_OBJC_WEAK = YES;
				CLANG_WARN_BLOCK_CAPTURE_AUTORELEASING = YES;
				CLANG_WARN_BOOL_CONVERSION = YES;
				CLANG_WARN_COMMA = YES;
				CLANG_WARN_CONSTANT_CONVERSION = YES;
				CLANG_WARN_DEPRECATED_OBJC_IMPLEMENTATIONS = YES;
				CLANG_WARN_EMPTY_BODY = YES;
				CLANG_WARN_ENUM_CONVERSION = YES;
				CLANG_WARN_INFINITE_RECURSION = YES;
				CLANG_WARN_INT_CONVERSION = YES;
				CLANG_WARN_NON_LITERAL_NULL_CONVERSION = YES;
				CLANG_WARN_OBJC_IMPLICIT_RETAIN_SELF = YES;
				CLANG_WARN_OBJC_LITERAL_CONVERSION = YES;
				CLANG_WARN_RANGE_LOOP_ANALYSIS = YES;
				CLANG_WARN_STRICT_PROTOTYPES = YES;
				CLANG_WARN_SUSPICIOUS_MOVE = YES;
				CLANG_WARN_UNREACHABLE_CODE = YES;
				CLANG_WARN__DUPLICATE_METHOD_MATCH = YES;
				CODE_SIGN_IDENTITY = "";
				DEBUG_INFORMATION_FORMAT = dwarf;
				ENABLE_STRICT_OBJC_MSGSEND = YES;
				GCC_C_LANGUAGE_STANDARD = c11;
				GCC_INLINES_ARE_PRIVATE_EXTERN = YES;
				GCC_MODEL_TUNING = G5;
				GCC_NO_COMMON_BLOCKS = YES;
				GCC_WARN_64_TO_32_BIT_CONVERSION = YES;
				GCC_WARN_ABOUT_RETURN_TYPE = YES;
				GCC_WARN_CHECK_SWITCH_STATEMENTS = YES;
				GCC_WARN_MISSING_PARENTHESES = YES;
				GCC_WARN_NON_VIRTUAL_DESTRUCTOR = YES;
				GCC_WARN_TYPECHECK_CALLS_TO_PRINTF = YES;
				GCC_WARN_UNDECLARED_SELECTOR = YES;
				GCC_WARN_UNINITIALIZED_AUTOS = YES;
				GCC_WARN_UNUSED_FUNCTION = YES;
				GCC_WARN_UNUSED_VARIABLE = YES;
				PRODUCT_NAME = "PluginSynthWithFileUpload";
				SDKROOT = macosx;
				WARNING_CFLAGS = "-Wreorder";
				ZERO_LINK = NO;
			};
			name = Release;
		};
		24ED286C5E833261BC3C7904 = {
			isa = PBXTargetDependency;
			target = 71099EE85347D8787DE72FC6;
		};
		34CFDADD6ABD1C84BB9C8C30 = {
			isa = PBXTargetDependency;
			target = 02B762F38788678848FADBEE;
		};
		BFB95A799686F51D8F231B1A = {
			isa = PBXTargetDependency;
			target = 5C215C6C51A334D35F0239F3;
		};
		A48F0618E374B8C6EA30D32D = {
			isa = PBXTargetDependency;
			target = 1F49B6865D47EC582386DAFF;
		};
		DF649C897DF953682A82CE20 = {
			isa = XCConfigurationList;
			buildConfigurations = (
				BC46BD087905A8354884156D,
				836E4424284F8712EEC24B70,
			);
			defaultConfigurationIsVisible = 0;
			defaultConfigurationName = Debug;
		};
		F7AB18A28DB3F7D2F4CA77E8 = {
			isa = XCConfigurationList;
			buildConfigurations = (
				E70CE645B92CEA4C07327B30,
				20A0E6A05AAA2886C4FC2D3F,
			);
			defaultConfigurationIsVisible = 0;
			defaultConfigurationName = Debug;
		};
		ED1C5E9CAB8F4D0D2A1D97FB = {
			isa = PBXAggregateTarget;
			buildConfigurationList = F7AB18A28DB3F7D2F4CA77E8;
			buildPhases = ( );
			buildRules = ( );
			dependencies = (
				24ED286C5E833261BC3C7904,
				34CFDADD6ABD1C84BB9C8C30,
				BFB95A799686F51D8F231B1A,
				A48F0618E374B8C6EA30D32D,
			);
			name = "PluginSynthWithFileUpload - All";
			productName = PluginSynthWithFileUpload;
		};
		7C5B6900906419A367E53DB1 = {
			isa = XCConfigurationList;
			buildConfigurations = (
				B35F12DF925A9EDF5EE0BAEC,
				84FFCCB1C709BA6BF1F82A30,
			);
			defaultConfigurationIsVisible = 0;
			defaultConfigurationName = Debug;
		};
		A61763B1F0164EDD169D2597 = {
			isa = PBXResourcesBuildPhase;
			buildActionMask = 2147483647;
			files = (
				DD323E4E731D6C34A956E008,
			);
			runOnlyForDeploymentPostprocessing = 0;
		};
		1ECCC27BCB63A4AE54B8184E = {
			isa = PBXSourcesBuildPhase;
			buildActionMask = 2147483647;
			files = (
				3E74078D7A68040897B5C27D,
			);
			runOnlyForDeploymentPostprocessing = 0;
		};
		8189B30FF3B2E1823638548A = {
			isa = PBXFrameworksBuildPhase;
			buildActionMask = 2147483647;
			files = (
				6446363AF42DA6D4EB5EC892,
				CC0142433785A13DA384D781,
				6415E39DD436A194FF0087C5,
				C5BD89449146281FBB956DD0,
				E1DB14F6751087817DE10EBE,
				953818353870E181FC70A52F,
				0E5D9EBA6B0B4A52EEDD0731,
				62C552679550FB9ACA2EAE83,
				A866074D89980C407202B8E2,
				77243C1C28E1EDDC3C6C84CC,
				B704275A32FA44C3CBD3B71F,
				2B8A3195669B0409E145C9F4,
			);
			runOnlyForDeploymentPostprocessing = 0;
		};
		71099EE85347D8787DE72FC6 = {
			isa = PBXNativeTarget;
			buildConfigurationList = 7C5B6900906419A367E53DB1;
			buildPhases = (
				A61763B1F0164EDD169D2597,
				1ECCC27BCB63A4AE54B8184E,
				8189B30FF3B2E1823638548A,
			);
			buildRules = ( );
			dependencies = (
				A48F0618E374B8C6EA30D32D,
			);
			name = "PluginSynthWithFileUpload - VST3";
			productName = PluginSynthWithFileUpload;
			productReference = 223EB45FED6FF8C5623CD017;
			productType = "com.apple.product-type.bundle";
		};
		50ED37072229F8845F427CB6 = {
			isa = XCConfigurationList;
			buildConfigurations = (
				5D0CF8846210F31F470B98E1,
				A110D4C381E6492E2873AC6F,
			);
			defaultConfigurationIsVisible = 0;
			defaultConfigurationName = Debug;
		};
		52C447BC98B600C8043C247C = {
			isa = PBXResourcesBuildPhase;
			buildActionMask = 2147483647;
			files = (
				DD323E4E731D6C34A956E008,
			);
			runOnlyForDeploymentPostprocessing = 0;
		};
		620F574B63E4F1421EE3AF41 = {
			isa = PBXRezBuildPhase;
			buildActionMask = 2147483647;
			files = (
				1FC9A11DEF9A4C81220CFB29,
			);
			runOnlyForDeploymentPostprocessing = 0;
		};
		521BC087408533739154856C = {
			isa = PBXSourcesBuildPhase;
			buildActionMask = 2147483647;
			files = (
				5C1903B7F97D4E26467B341B,
				6DA286C60586B1936F760F10,
			);
			runOnlyForDeploymentPostprocessing = 0;
		};
		C2E4A0A1325C621659F2DF0B = {
			isa = PBXFrameworksBuildPhase;
			buildActionMask = 2147483647;
			files = (
				F6F52E935A691FEF320ACA6B,
				6446363AF42DA6D4EB5EC892,
				CC0142433785A13DA384D781,
				6415E39DD436A194FF0087C5,
				C5BD89449146281FBB956DD0,
				E1DB14F6751087817DE10EBE,
				953818353870E181FC70A52F,
				0E5D9EBA6B0B4A52EEDD0731,
				62C552679550FB9ACA2EAE83,
				A866074D89980C407202B8E2,
				77243C1C28E1EDDC3C6C84CC,
				B704275A32FA44C3CBD3B71F,
				2B8A3195669B0409E145C9F4,
			);
			runOnlyForDeploymentPostprocessing = 0;
		};
		02B762F38788678848FADBEE = {
			isa = PBXNativeTarget;
			buildConfigurationList = 50ED37072229F8845F427CB6;
			buildPhases = (
				52C447BC98B600C8043C247C,
				620F574B63E4F1421EE3AF41,
				521BC087408533739154856C,
				C2E4A0A1325C621659F2DF0B,
			);
			buildRules = ( );
			dependencies = (
				A48F0618E374B8C6EA30D32D,
			);
			name = "PluginSynthWithFileUpload - AU";
			productName = PluginSynthWithFileUpload;
			productReference = 8523DB0F902BA5898FA084D7;
			productType = "com.apple.product-type.bundle";
		};
		1316DE11C4425FEC1A8E8FF1 = {
			isa = XCConfigurationList;
			buildConfigurations = (
				D63B5A09207330C579340F47,
				EA4F17ED8C29AE83E3DFF81E,
			);
			defaultConfigurationIsVisible = 0;
			defaultConfigurationName = Debug;
		};
		D6ED3397FEAB0BF0A242E926 = {
			isa = PBXResourcesBuildPhase;
			buildActionMask = 2147483647;
			files = (
				DD323E4E731D6C34A956E008,
			);
			runOnlyForDeploymentPostprocessing = 0;
		};
		8D19FC01BA0FD1126EC036F9 = {
			isa = PBXSourcesBuildPhase;
			buildActionMask = 2147483647;
			files = (
				2420D97C3771149A195693CE,
			);
			runOnlyForDeploymentPostprocessing = 0;
		};
		343D1B99C1229049DC07B7FB = {
			isa = PBXFrameworksBuildPhase;
			buildActionMask = 2147483647;
			files = (
				6446363AF42DA6D4EB5EC892,
				CC0142433785A13DA384D781,
				6415E39DD436A194FF0087C5,
				C5BD89449146281FBB956DD0,
				E1DB14F6751087817DE10EBE,
				953818353870E181FC70A52F,
				0E5D9EBA6B0B4A52EEDD0731,
				62C552679550FB9ACA2EAE83,
				A866074D89980C407202B8E2,
				77243C1C28E1EDDC3C6C84CC,
				B704275A32FA44C3CBD3B71F,
				2B8A3195669B0409E145C9F4,
			);
			runOnlyForDeploymentPostprocessing = 0;
		};
		5C215C6C51A334D35F0239F3 = {
			isa = PBXNativeTarget;
			buildConfigurationList = 1316DE11C4425FEC1A8E8FF1;
			buildPhases = (
				D6ED3397FEAB0BF0A242E926,
				8D19FC01BA0FD1126EC036F9,
				343D1B99C1229049DC07B7FB,
			);
			buildRules = ( );
			dependencies = (
				A48F0618E374B8C6EA30D32D,
			);
			name = "PluginSynthWithFileUpload - Standalone Plugin";
			productName = PluginSynthWithFileUpload;
			productReference = 4800BBA6CD9026B1510D0DA7;
			productType = "com.apple.product-type.application";
		};
		20A79C54624C7D344172C667 = {
			isa = XCConfigurationList;
			buildConfigurations = (
				DAF420EF2660A07CC53A51B2,
				FD853B19D7F4ACB25197C11A,
			);
			defaultConfigurationIsVisible = 0;
			defaultConfigurationName = Debug;
		};
		D5925FED72350DCE5AE4D637 = {
			isa = PBXSourcesBuildPhase;
			buildActionMask = 2147483647;
			files = (
				4E8D9534AECE18313AA52389,
				821AF8043C1F75D69278CB14,
				F3818E85F2BFA6579011155B,
				67E085B7E23D20E8AE34430A,
				E846D17C4BACDA1D8C2C2EBE,
				309F4443F107B46FB3AE3FFB,
				371BEA4915263C3585BDDC77,
				08002DBC4DC88DC3B5637CED,
				12DD9C2382EAF2AC645607E1,
				2D3C7487DEFB830F351F4716,
				E1A4C2218DEC5879303DB3B6,
				15A537302E98F0F72BD2B395,
				4B9250D777E905488B92F5FF,
				7FD5F37B0E7A4442F318CCCB,
				71E8675B57990E3C52D1B8E7,
				3834F375513132E41228958A,
				9A5D27E4254A13510E7825F0,
				DA5138D79595F77E41420BB0,
				9778379EA3A355D2722BA5E5,
			);
			runOnlyForDeploymentPostprocessing = 0;
		};
		1F49B6865D47EC582386DAFF = {
			isa = PBXNativeTarget;
			buildConfigurationList = 20A79C54624C7D344172C667;
			buildPhases = (
				D5925FED72350DCE5AE4D637,
			);
			buildRules = ( );
			dependencies = ( );
			name = "PluginSynthWithFileUpload - Shared Code";
			productName = PluginSynthWithFileUpload;
			productReference = 95493070F911E146496F9D5C;
			productType = "com.apple.product-type.library.static";
		};
		9CD9BE78B769484B3333877B = {
			isa = PBXProject;
			buildConfigurationList = DF649C897DF953682A82CE20;
			attributes = { LastUpgradeCheck = 1100; ORGANIZATIONNAME = "jocako"; TargetAttributes = { ED1C5E9CAB8F4D0D2A1D97FB = { SystemCapabilities = {com.apple.ApplicationGroups.iOS = { enabled = 0; }; com.apple.InAppPurchase = { enabled = 0; }; com.apple.InterAppAudio = { enabled = 0; }; com.apple.Push = { enabled = 0; }; com.apple.Sandbox = { enabled = 0; }; com.apple.HardenedRuntime = { enabled = 0; }; }; };71099EE85347D8787DE72FC6 = { SystemCapabilities = {com.apple.ApplicationGroups.iOS = { enabled = 0; }; com.apple.InAppPurchase = { enabled = 0; }; com.apple.InterAppAudio = { enabled = 0; }; com.apple.Push = { enabled = 0; }; com.apple.Sandbox = { enabled = 0; }; com.apple.HardenedRuntime = { enabled = 0; }; }; };02B762F38788678848FADBEE = { SystemCapabilities = {com.apple.ApplicationGroups.iOS = { enabled = 0; }; com.apple.InAppPurchase = { enabled = 0; }; com.apple.InterAppAudio = { enabled = 0; }; com.apple.Push = { enabled = 0; }; com.apple.Sandbox = { enabled = 0; }; com.apple.HardenedRuntime = { enabled = 0; }; }; };5C215C6C51A334D35F0239F3 = { SystemCapabilities = {com.apple.ApplicationGroups.iOS = { enabled = 0; }; com.apple.InAppPurchase = { enabled = 0; }; com.apple.InterAppAudio = { enabled = 0; }; com.apple.Push = { enabled = 0; }; com.apple.Sandbox = { enabled = 0; }; com.apple.HardenedRuntime = { enabled = 0; }; }; };1F49B6865D47EC582386DAFF = { SystemCapabilities = {com.apple.ApplicationGroups.iOS = { enabled = 0; }; com.apple.InAppPurchase = { enabled = 0; }; com.apple.InterAppAudio = { enabled = 0; }; com.apple.Push = { enabled = 0; }; com.apple.Sandbox = { enabled = 0; }; com.apple.HardenedRuntime = { enabled = 0; }; }; }; }; };
			compatibilityVersion = "Xcode 3.2";
			hasScannedForEncodings = 0;
			mainGroup = 8B09D6D0C7B53544B607CC41;
			projectDirPath = "";
			projectRoot = "";
			targets = (ED1C5E9CAB8F4D0D2A1D97FB, 71099EE85347D8787DE72FC6, 02B762F38788678848FADBEE, 5C215C6C51A334D35F0239F3, 1F49B6865D47EC582386DAFF);
			knownRegions = (en, Base);
		};
	};
	rootObject = 9CD9BE78B769484B3333877B;
}
